
Microsoft Visual Studio Solution File, Format Version 12.00
# Visual Studio Version 17
VisualStudioVersion = 17.9.34902.65
MinimumVisualStudioVersion = 10.0.40219.1
Project("{9A19103F-16F7-4668-BE54-9A1E7A4F7556}") = "ChatApplication.Server", "ChatApplication.Server\ChatApplication.Server.csproj", "{0B066D38-C1F6-4CB6-AD2B-AE00FA110E38}"
EndProject
Project("{54A90642-561A-4BB1-A94E-469ADEE60C69}") = "ChatApplication.Client", "ChatApplication.Client\ChatApplication.Client.esproj", "{E19906F2-1808-45F3-94A3-B9AA7A7BFD9D}"
EndProject
Project("{9A19103F-16F7-4668-BE54-9A1E7A4F7556}") = "ChatApplication.Library", "ChatApplication.Library\ChatApplication.Library.csproj", "{D5741832-7DFE-4F91-A384-CFB58B071F9E}"
EndProject
Project("{9A19103F-16F7-4668-BE54-9A1E7A4F7556}") = "ChatApplication.Contracts", "ChatApplication.Contracts\ChatApplication.Contracts.csproj", "{ADFEAAED-BD62-44BD-B97E-9EE69F7ED419}"
EndProject
Project("{9A19103F-16F7-4668-BE54-9A1E7A4F7556}") = "ChatApplication.DataAccess", "ChatApplication.DataAccess\ChatApplication.DataAccess.csproj", "{40544DA3-21ED-4249-A381-08807FE58F38}"
EndProject
Project("{E53339B2-1760-4266-BCC7-CA923CBCF16C}") = "docker-compose", "docker-compose.dcproj", "{93362A9B-AB12-4104-9E8C-CBCE906641FD}"
EndProject
Global
	GlobalSection(SolutionConfigurationPlatforms) = preSolution
		Debug|Any CPU = Debug|Any CPU
		Release|Any CPU = Release|Any CPU
	EndGlobalSection
	GlobalSection(ProjectConfigurationPlatforms) = postSolution
		{0B066D38-C1F6-4CB6-AD2B-AE00FA110E38}.Debug|Any CPU.ActiveCfg = Debug|Any CPU
		{0B066D38-C1F6-4CB6-AD2B-AE00FA110E38}.Debug|Any CPU.Build.0 = Debug|Any CPU
		{0B066D38-C1F6-4CB6-AD2B-AE00FA110E38}.Release|Any CPU.ActiveCfg = Release|Any CPU
		{0B066D38-C1F6-4CB6-AD2B-AE00FA110E38}.Release|Any CPU.Build.0 = Release|Any CPU
		{E19906F2-1808-45F3-94A3-B9AA7A7BFD9D}.Debug|Any CPU.ActiveCfg = Debug|Any CPU
		{E19906F2-1808-45F3-94A3-B9AA7A7BFD9D}.Debug|Any CPU.Build.0 = Debug|Any CPU
		{E19906F2-1808-45F3-94A3-B9AA7A7BFD9D}.Debug|Any CPU.Deploy.0 = Debug|Any CPU
		{E19906F2-1808-45F3-94A3-B9AA7A7BFD9D}.Release|Any CPU.ActiveCfg = Release|Any CPU
		{E19906F2-1808-45F3-94A3-B9AA7A7BFD9D}.Release|Any CPU.Build.0 = Release|Any CPU
		{E19906F2-1808-45F3-94A3-B9AA7A7BFD9D}.Release|Any CPU.Deploy.0 = Release|Any CPU
		{D5741832-7DFE-4F91-A384-CFB58B071F9E}.Debug|Any CPU.ActiveCfg = Debug|Any CPU
		{D5741832-7DFE-4F91-A384-CFB58B071F9E}.Debug|Any CPU.Build.0 = Debug|Any CPU
		{D5741832-7DFE-4F91-A384-CFB58B071F9E}.Release|Any CPU.ActiveCfg = Release|Any CPU
		{D5741832-7DFE-4F91-A384-CFB58B071F9E}.Release|Any CPU.Build.0 = Release|Any CPU
		{ADFEAAED-BD62-44BD-B97E-9EE69F7ED419}.Debug|Any CPU.ActiveCfg = Debug|Any CPU
		{ADFEAAED-BD62-44BD-B97E-9EE69F7ED419}.Debug|Any CPU.Build.0 = Debug|Any CPU
		{ADFEAAED-BD62-44BD-B97E-9EE69F7ED419}.Release|Any CPU.ActiveCfg = Release|Any CPU
		{ADFEAAED-BD62-44BD-B97E-9EE69F7ED419}.Release|Any CPU.Build.0 = Release|Any CPU
		{40544DA3-21ED-4249-A381-08807FE58F38}.Debug|Any CPU.ActiveCfg = Debug|Any CPU
		{40544DA3-21ED-4249-A381-08807FE58F38}.Debug|Any CPU.Build.0 = Debug|Any CPU
		{40544DA3-21ED-4249-A381-08807FE58F38}.Release|Any CPU.ActiveCfg = Release|Any CPU
		{40544DA3-21ED-4249-A381-08807FE58F38}.Release|Any CPU.Build.0 = Release|Any CPU
		{93362A9B-AB12-4104-9E8C-CBCE906641FD}.Debug|Any CPU.ActiveCfg = Debug|Any CPU
		{93362A9B-AB12-4104-9E8C-CBCE906641FD}.Debug|Any CPU.Build.0 = Debug|Any CPU
		{93362A9B-AB12-4104-9E8C-CBCE906641FD}.Release|Any CPU.ActiveCfg = Release|Any CPU
		{93362A9B-AB12-4104-9E8C-CBCE906641FD}.Release|Any CPU.Build.0 = Release|Any CPU
	EndGlobalSection
	GlobalSection(SolutionProperties) = preSolution
		HideSolutionNode = FALSE
	EndGlobalSection
	GlobalSection(ExtensibilityGlobals) = postSolution
		SolutionGuid = {596FD21B-AFB9-4D44-A3A6-EA72BEA50436}
	EndGlobalSection
EndGlobal
